// !$*UTF8*$!
{
	archiveVersion = 1;
	classes = {
	};
	objectVersion = 55;
	objects = {

/* Begin PBXBuildFile section */
		0B10109E27D92830002EF1A6 /* AppDelegate.swift in Sources */ = {isa = PBXBuildFile; fileRef = 0B10109D27D92830002EF1A6 /* AppDelegate.swift */; };
		0B1010A027D92830002EF1A6 /* SceneDelegate.swift in Sources */ = {isa = PBXBuildFile; fileRef = 0B10109F27D92830002EF1A6 /* SceneDelegate.swift */; };
		0B1010A227D92830002EF1A6 /* ViewController.swift in Sources */ = {isa = PBXBuildFile; fileRef = 0B1010A127D92830002EF1A6 /* ViewController.swift */; };
		0B1010A527D92830002EF1A6 /* Main.storyboard in Resources */ = {isa = PBXBuildFile; fileRef = 0B1010A327D92830002EF1A6 /* Main.storyboard */; };
		0B1010A727D92835002EF1A6 /* Assets.xcassets in Resources */ = {isa = PBXBuildFile; fileRef = 0B1010A627D92835002EF1A6 /* Assets.xcassets */; };
		0B1010AA27D92835002EF1A6 /* LaunchScreen.storyboard in Resources */ = {isa = PBXBuildFile; fileRef = 0B1010A827D92835002EF1A6 /* LaunchScreen.storyboard */; };
		0B1010B527D92835002EF1A6 /* BottleRocketTests.swift in Sources */ = {isa = PBXBuildFile; fileRef = 0B1010B427D92835002EF1A6 /* BottleRocketTests.swift */; };
		0B1010BF27D92835002EF1A6 /* BottleRocketUITests.swift in Sources */ = {isa = PBXBuildFile; fileRef = 0B1010BE27D92835002EF1A6 /* BottleRocketUITests.swift */; };
		0B1010C127D92835002EF1A6 /* BottleRocketUITestsLaunchTests.swift in Sources */ = {isa = PBXBuildFile; fileRef = 0B1010C027D92835002EF1A6 /* BottleRocketUITestsLaunchTests.swift */; };
		0B1010D027D94270002EF1A6 /* ViewModel.swift in Sources */ = {isa = PBXBuildFile; fileRef = 0B1010CF27D94270002EF1A6 /* ViewModel.swift */; };
		0B1010D127D94271002EF1A6 /* ViewModel.swift in Sources */ = {isa = PBXBuildFile; fileRef = 0B1010CF27D94270002EF1A6 /* ViewModel.swift */; };
		0B1010D427D94385002EF1A6 /* Restaurants.swift in Sources */ = {isa = PBXBuildFile; fileRef = 0B1010D327D94385002EF1A6 /* Restaurants.swift */; };
		0B1010D627D94AF7002EF1A6 /* RestaurantCollectionViewCell.swift in Sources */ = {isa = PBXBuildFile; fileRef = 0B1010D527D94AF7002EF1A6 /* RestaurantCollectionViewCell.swift */; };
		0B1010D827D9CF6A002EF1A6 /* ImageDownloaderViewModel.swift in Sources */ = {isa = PBXBuildFile; fileRef = 0B1010D727D9CF6A002EF1A6 /* ImageDownloaderViewModel.swift */; };
		0B1010DA27D9EE8A002EF1A6 /* InternetViewController.swift in Sources */ = {isa = PBXBuildFile; fileRef = 0B1010D927D9EE8A002EF1A6 /* InternetViewController.swift */; };
		0B8D27ED27DA859E00FCEE37 /* DetailViewController.swift in Sources */ = {isa = PBXBuildFile; fileRef = 0B8D27EC27DA859E00FCEE37 /* DetailViewController.swift */; };
		0B8D27F127DB37DE00FCEE37 /* Avenir Next Demi Bold.otf in Resources */ = {isa = PBXBuildFile; fileRef = 0B8D27EF27DB37DE00FCEE37 /* Avenir Next Demi Bold.otf */; };
		0B8D27F227DB37DE00FCEE37 /* Avenir Next Demi Regular.otf in Resources */ = {isa = PBXBuildFile; fileRef = 0B8D27F027DB37DE00FCEE37 /* Avenir Next Demi Regular.otf */; };
		0B8D27F527DB50D200FCEE37 /* BaseViewController.swift in Sources */ = {isa = PBXBuildFile; fileRef = 0B8D27F427DB50D200FCEE37 /* BaseViewController.swift */; };
/* End PBXBuildFile section */

/* Begin PBXContainerItemProxy section */
		0B1010B127D92835002EF1A6 /* PBXContainerItemProxy */ = {
			isa = PBXContainerItemProxy;
			containerPortal = 0B10109227D92830002EF1A6 /* Project object */;
			proxyType = 1;
			remoteGlobalIDString = 0B10109927D92830002EF1A6;
			remoteInfo = BottleRocket;
		};
		0B1010BB27D92835002EF1A6 /* PBXContainerItemProxy */ = {
			isa = PBXContainerItemProxy;
			containerPortal = 0B10109227D92830002EF1A6 /* Project object */;
			proxyType = 1;
			remoteGlobalIDString = 0B10109927D92830002EF1A6;
			remoteInfo = BottleRocket;
		};
/* End PBXContainerItemProxy section */

/* Begin PBXFileReference section */
		0B10109A27D92830002EF1A6 /* BottleRocket.app */ = {isa = PBXFileReference; explicitFileType = wrapper.application; includeInIndex = 0; path = BottleRocket.app; sourceTree = BUILT_PRODUCTS_DIR; };
		0B10109D27D92830002EF1A6 /* AppDelegate.swift */ = {isa = PBXFileReference; lastKnownFileType = sourcecode.swift; path = AppDelegate.swift; sourceTree = "<group>"; };
		0B10109F27D92830002EF1A6 /* SceneDelegate.swift */ = {isa = PBXFileReference; lastKnownFileType = sourcecode.swift; path = SceneDelegate.swift; sourceTree = "<group>"; };
		0B1010A127D92830002EF1A6 /* ViewController.swift */ = {isa = PBXFileReference; lastKnownFileType = sourcecode.swift; path = ViewController.swift; sourceTree = "<group>"; };
		0B1010A427D92830002EF1A6 /* Base */ = {isa = PBXFileReference; lastKnownFileType = file.storyboard; name = Base; path = Base.lproj/Main.storyboard; sourceTree = "<group>"; };
		0B1010A627D92835002EF1A6 /* Assets.xcassets */ = {isa = PBXFileReference; lastKnownFileType = folder.assetcatalog; path = Assets.xcassets; sourceTree = "<group>"; };
		0B1010A927D92835002EF1A6 /* Base */ = {isa = PBXFileReference; lastKnownFileType = file.storyboard; name = Base; path = Base.lproj/LaunchScreen.storyboard; sourceTree = "<group>"; };
		0B1010AB27D92835002EF1A6 /* Info.plist */ = {isa = PBXFileReference; lastKnownFileType = text.plist.xml; path = Info.plist; sourceTree = "<group>"; };
		0B1010B027D92835002EF1A6 /* BottleRocketTests.xctest */ = {isa = PBXFileReference; explicitFileType = wrapper.cfbundle; includeInIndex = 0; path = BottleRocketTests.xctest; sourceTree = BUILT_PRODUCTS_DIR; };
		0B1010B427D92835002EF1A6 /* BottleRocketTests.swift */ = {isa = PBXFileReference; lastKnownFileType = sourcecode.swift; path = BottleRocketTests.swift; sourceTree = "<group>"; };
		0B1010BA27D92835002EF1A6 /* BottleRocketUITests.xctest */ = {isa = PBXFileReference; explicitFileType = wrapper.cfbundle; includeInIndex = 0; path = BottleRocketUITests.xctest; sourceTree = BUILT_PRODUCTS_DIR; };
		0B1010BE27D92835002EF1A6 /* BottleRocketUITests.swift */ = {isa = PBXFileReference; lastKnownFileType = sourcecode.swift; path = BottleRocketUITests.swift; sourceTree = "<group>"; };
		0B1010C027D92835002EF1A6 /* BottleRocketUITestsLaunchTests.swift */ = {isa = PBXFileReference; lastKnownFileType = sourcecode.swift; path = BottleRocketUITestsLaunchTests.swift; sourceTree = "<group>"; };
		0B1010CF27D94270002EF1A6 /* ViewModel.swift */ = {isa = PBXFileReference; lastKnownFileType = sourcecode.swift; path = ViewModel.swift; sourceTree = "<group>"; };
		0B1010D327D94385002EF1A6 /* Restaurants.swift */ = {isa = PBXFileReference; lastKnownFileType = sourcecode.swift; path = Restaurants.swift; sourceTree = "<group>"; };
		0B1010D527D94AF7002EF1A6 /* RestaurantCollectionViewCell.swift */ = {isa = PBXFileReference; lastKnownFileType = sourcecode.swift; path = RestaurantCollectionViewCell.swift; sourceTree = "<group>"; };
		0B1010D727D9CF6A002EF1A6 /* ImageDownloaderViewModel.swift */ = {isa = PBXFileReference; lastKnownFileType = sourcecode.swift; path = ImageDownloaderViewModel.swift; sourceTree = "<group>"; };
		0B1010D927D9EE8A002EF1A6 /* InternetViewController.swift */ = {isa = PBXFileReference; lastKnownFileType = sourcecode.swift; path = InternetViewController.swift; sourceTree = "<group>"; };
		0B8D27EC27DA859E00FCEE37 /* DetailViewController.swift */ = {isa = PBXFileReference; lastKnownFileType = sourcecode.swift; path = DetailViewController.swift; sourceTree = "<group>"; };
		0B8D27EF27DB37DE00FCEE37 /* Avenir Next Demi Bold.otf */ = {isa = PBXFileReference; lastKnownFileType = file; path = "Avenir Next Demi Bold.otf"; sourceTree = "<group>"; };
		0B8D27F027DB37DE00FCEE37 /* Avenir Next Demi Regular.otf */ = {isa = PBXFileReference; lastKnownFileType = file; path = "Avenir Next Demi Regular.otf"; sourceTree = "<group>"; };
		0B8D27F427DB50D200FCEE37 /* BaseViewController.swift */ = {isa = PBXFileReference; lastKnownFileType = sourcecode.swift; path = BaseViewController.swift; sourceTree = "<group>"; };
/* End PBXFileReference section */

/* Begin PBXFrameworksBuildPhase section */
		0B10109727D92830002EF1A6 /* Frameworks */ = {
			isa = PBXFrameworksBuildPhase;
			buildActionMask = 2147483647;
			files = (
			);
			runOnlyForDeploymentPostprocessing = 0;
		};
		0B1010AD27D92835002EF1A6 /* Frameworks */ = {
			isa = PBXFrameworksBuildPhase;
			buildActionMask = 2147483647;
			files = (
			);
			runOnlyForDeploymentPostprocessing = 0;
		};
		0B1010B727D92835002EF1A6 /* Frameworks */ = {
			isa = PBXFrameworksBuildPhase;
			buildActionMask = 2147483647;
			files = (
			);
			runOnlyForDeploymentPostprocessing = 0;
		};
/* End PBXFrameworksBuildPhase section */

/* Begin PBXGroup section */
		0B10109127D92830002EF1A6 = {
			isa = PBXGroup;
			children = (
				0B10109C27D92830002EF1A6 /* BottleRocket */,
				0B1010B327D92835002EF1A6 /* BottleRocketTests */,
				0B1010BD27D92835002EF1A6 /* BottleRocketUITests */,
				0B10109B27D92830002EF1A6 /* Products */,
			);
			sourceTree = "<group>";
		};
		0B10109B27D92830002EF1A6 /* Products */ = {
			isa = PBXGroup;
			children = (
				0B10109A27D92830002EF1A6 /* BottleRocket.app */,
				0B1010B027D92835002EF1A6 /* BottleRocketTests.xctest */,
				0B1010BA27D92835002EF1A6 /* BottleRocketUITests.xctest */,
			);
			name = Products;
			sourceTree = "<group>";
		};
		0B10109C27D92830002EF1A6 /* BottleRocket */ = {
			isa = PBXGroup;
			children = (
				0B8D27F327DB3B9F00FCEE37 /* Views */,
				0B8D27EE27DB37CF00FCEE37 /* fonts */,
				0B1010D227D942C8002EF1A6 /* Models */,
				0B1010CE27D94235002EF1A6 /* ViewControllers */,
				0B1010CD27D9422C002EF1A6 /* ViewModels */,
				0B10109D27D92830002EF1A6 /* AppDelegate.swift */,
				0B10109F27D92830002EF1A6 /* SceneDelegate.swift */,
				0B1010A327D92830002EF1A6 /* Main.storyboard */,
				0B1010A627D92835002EF1A6 /* Assets.xcassets */,
				0B1010A827D92835002EF1A6 /* LaunchScreen.storyboard */,
				0B1010AB27D92835002EF1A6 /* Info.plist */,
			);
			path = BottleRocket;
			sourceTree = "<group>";
		};
		0B1010B327D92835002EF1A6 /* BottleRocketTests */ = {
			isa = PBXGroup;
			children = (
				0B1010B427D92835002EF1A6 /* BottleRocketTests.swift */,
			);
			path = BottleRocketTests;
			sourceTree = "<group>";
		};
		0B1010BD27D92835002EF1A6 /* BottleRocketUITests */ = {
			isa = PBXGroup;
			children = (
				0B1010BE27D92835002EF1A6 /* BottleRocketUITests.swift */,
				0B1010C027D92835002EF1A6 /* BottleRocketUITestsLaunchTests.swift */,
			);
			path = BottleRocketUITests;
			sourceTree = "<group>";
		};
		0B1010CD27D9422C002EF1A6 /* ViewModels */ = {
			isa = PBXGroup;
			children = (
				0B1010CF27D94270002EF1A6 /* ViewModel.swift */,
				0B1010D727D9CF6A002EF1A6 /* ImageDownloaderViewModel.swift */,
			);
			path = ViewModels;
			sourceTree = "<group>";
		};
		0B1010CE27D94235002EF1A6 /* ViewControllers */ = {
			isa = PBXGroup;
			children = (
				0B1010A127D92830002EF1A6 /* ViewController.swift */,
				0B1010D927D9EE8A002EF1A6 /* InternetViewController.swift */,
				0B8D27EC27DA859E00FCEE37 /* DetailViewController.swift */,
				0B8D27F427DB50D200FCEE37 /* BaseViewController.swift */,
			);
			path = ViewControllers;
			sourceTree = "<group>";
		};
		0B1010D227D942C8002EF1A6 /* Models */ = {
			isa = PBXGroup;
			children = (
				0B1010D327D94385002EF1A6 /* Restaurants.swift */,
			);
			path = Models;
			sourceTree = "<group>";
		};
		0B8D27EE27DB37CF00FCEE37 /* fonts */ = {
			isa = PBXGroup;
			children = (
				0B8D27EF27DB37DE00FCEE37 /* Avenir Next Demi Bold.otf */,
				0B8D27F027DB37DE00FCEE37 /* Avenir Next Demi Regular.otf */,
			);
			path = fonts;
			sourceTree = "<group>";
		};
		0B8D27F327DB3B9F00FCEE37 /* Views */ = {
			isa = PBXGroup;
			children = (
				0B1010D527D94AF7002EF1A6 /* RestaurantCollectionViewCell.swift */,
			);
			path = Views;
			sourceTree = "<group>";
		};
/* End PBXGroup section */

/* Begin PBXNativeTarget section */
		0B10109927D92830002EF1A6 /* BottleRocket */ = {
			isa = PBXNativeTarget;
			buildConfigurationList = 0B1010C427D92835002EF1A6 /* Build configuration list for PBXNativeTarget "BottleRocket" */;
			buildPhases = (
				0B10109627D92830002EF1A6 /* Sources */,
				0B10109727D92830002EF1A6 /* Frameworks */,
				0B10109827D92830002EF1A6 /* Resources */,
			);
			buildRules = (
			);
			dependencies = (
			);
			name = BottleRocket;
			productName = BottleRocket;
			productReference = 0B10109A27D92830002EF1A6 /* BottleRocket.app */;
			productType = "com.apple.product-type.application";
		};
		0B1010AF27D92835002EF1A6 /* BottleRocketTests */ = {
			isa = PBXNativeTarget;
			buildConfigurationList = 0B1010C727D92835002EF1A6 /* Build configuration list for PBXNativeTarget "BottleRocketTests" */;
			buildPhases = (
				0B1010AC27D92835002EF1A6 /* Sources */,
				0B1010AD27D92835002EF1A6 /* Frameworks */,
				0B1010AE27D92835002EF1A6 /* Resources */,
			);
			buildRules = (
			);
			dependencies = (
				0B1010B227D92835002EF1A6 /* PBXTargetDependency */,
			);
			name = BottleRocketTests;
			productName = BottleRocketTests;
			productReference = 0B1010B027D92835002EF1A6 /* BottleRocketTests.xctest */;
			productType = "com.apple.product-type.bundle.unit-test";
		};
		0B1010B927D92835002EF1A6 /* BottleRocketUITests */ = {
			isa = PBXNativeTarget;
			buildConfigurationList = 0B1010CA27D92835002EF1A6 /* Build configuration list for PBXNativeTarget "BottleRocketUITests" */;
			buildPhases = (
				0B1010B627D92835002EF1A6 /* Sources */,
				0B1010B727D92835002EF1A6 /* Frameworks */,
				0B1010B827D92835002EF1A6 /* Resources */,
			);
			buildRules = (
			);
			dependencies = (
				0B1010BC27D92835002EF1A6 /* PBXTargetDependency */,
			);
			name = BottleRocketUITests;
			productName = BottleRocketUITests;
			productReference = 0B1010BA27D92835002EF1A6 /* BottleRocketUITests.xctest */;
			productType = "com.apple.product-type.bundle.ui-testing";
		};
/* End PBXNativeTarget section */

/* Begin PBXProject section */
		0B10109227D92830002EF1A6 /* Project object */ = {
			isa = PBXProject;
			attributes = {
				BuildIndependentTargetsInParallel = 1;
				LastSwiftUpdateCheck = 1310;
				LastUpgradeCheck = 1310;
				TargetAttributes = {
					0B10109927D92830002EF1A6 = {
						CreatedOnToolsVersion = 13.1;
					};
					0B1010AF27D92835002EF1A6 = {
						CreatedOnToolsVersion = 13.1;
						TestTargetID = 0B10109927D92830002EF1A6;
					};
					0B1010B927D92835002EF1A6 = {
						CreatedOnToolsVersion = 13.1;
						TestTargetID = 0B10109927D92830002EF1A6;
					};
				};
			};
			buildConfigurationList = 0B10109527D92830002EF1A6 /* Build configuration list for PBXProject "BottleRocket" */;
			compatibilityVersion = "Xcode 13.0";
			developmentRegion = en;
			hasScannedForEncodings = 0;
			knownRegions = (
				en,
				Base,
			);
			mainGroup = 0B10109127D92830002EF1A6;
			productRefGroup = 0B10109B27D92830002EF1A6 /* Products */;
			projectDirPath = "";
			projectRoot = "";
			targets = (
				0B10109927D92830002EF1A6 /* BottleRocket */,
				0B1010AF27D92835002EF1A6 /* BottleRocketTests */,
				0B1010B927D92835002EF1A6 /* BottleRocketUITests */,
			);
		};
/* End PBXProject section */

/* Begin PBXResourcesBuildPhase section */
		0B10109827D92830002EF1A6 /* Resources */ = {
			isa = PBXResourcesBuildPhase;
			buildActionMask = 2147483647;
			files = (
				0B8D27F127DB37DE00FCEE37 /* Avenir Next Demi Bold.otf in Resources */,
				0B8D27F227DB37DE00FCEE37 /* Avenir Next Demi Regular.otf in Resources */,
				0B1010AA27D92835002EF1A6 /* LaunchScreen.storyboard in Resources */,
				0B1010A727D92835002EF1A6 /* Assets.xcassets in Resources */,
				0B1010A527D92830002EF1A6 /* Main.storyboard in Resources */,
			);
			runOnlyForDeploymentPostprocessing = 0;
		};
		0B1010AE27D92835002EF1A6 /* Resources */ = {
			isa = PBXResourcesBuildPhase;
			buildActionMask = 2147483647;
			files = (
			);
			runOnlyForDeploymentPostprocessing = 0;
		};
		0B1010B827D92835002EF1A6 /* Resources */ = {
			isa = PBXResourcesBuildPhase;
			buildActionMask = 2147483647;
			files = (
			);
			runOnlyForDeploymentPostprocessing = 0;
		};
/* End PBXResourcesBuildPhase section */

/* Begin PBXSourcesBuildPhase section */
		0B10109627D92830002EF1A6 /* Sources */ = {
			isa = PBXSourcesBuildPhase;
			buildActionMask = 2147483647;
			files = (
				0B8D27ED27DA859E00FCEE37 /* DetailViewController.swift in Sources */,
				0B1010D427D94385002EF1A6 /* Restaurants.swift in Sources */,
				0B1010A227D92830002EF1A6 /* ViewController.swift in Sources */,
				0B10109E27D92830002EF1A6 /* AppDelegate.swift in Sources */,
				0B1010D627D94AF7002EF1A6 /* RestaurantCollectionViewCell.swift in Sources */,
				0B8D27F527DB50D200FCEE37 /* BaseViewController.swift in Sources */,
				0B1010D027D94270002EF1A6 /* ViewModel.swift in Sources */,
				0B1010D827D9CF6A002EF1A6 /* ImageDownloaderViewModel.swift in Sources */,
				0B1010A027D92830002EF1A6 /* SceneDelegate.swift in Sources */,
				0B1010DA27D9EE8A002EF1A6 /* InternetViewController.swift in Sources */,
			);
			runOnlyForDeploymentPostprocessing = 0;
		};
		0B1010AC27D92835002EF1A6 /* Sources */ = {
			isa = PBXSourcesBuildPhase;
			buildActionMask = 2147483647;
			files = (
				0B1010D127D94271002EF1A6 /* ViewModel.swift in Sources */,
				0B1010B527D92835002EF1A6 /* BottleRocketTests.swift in Sources */,
			);
			runOnlyForDeploymentPostprocessing = 0;
		};
		0B1010B627D92835002EF1A6 /* Sources */ = {
			isa = PBXSourcesBuildPhase;
			buildActionMask = 2147483647;
			files = (
				0B1010C127D92835002EF1A6 /* BottleRocketUITestsLaunchTests.swift in Sources */,
				0B1010BF27D92835002EF1A6 /* BottleRocketUITests.swift in Sources */,
			);
			runOnlyForDeploymentPostprocessing = 0;
		};
/* End PBXSourcesBuildPhase section */

/* Begin PBXTargetDependency section */
		0B1010B227D92835002EF1A6 /* PBXTargetDependency */ = {
			isa = PBXTargetDependency;
			target = 0B10109927D92830002EF1A6 /* BottleRocket */;
			targetProxy = 0B1010B127D92835002EF1A6 /* PBXContainerItemProxy */;
		};
		0B1010BC27D92835002EF1A6 /* PBXTargetDependency */ = {
			isa = PBXTargetDependency;
			target = 0B10109927D92830002EF1A6 /* BottleRocket */;
			targetProxy = 0B1010BB27D92835002EF1A6 /* PBXContainerItemProxy */;
		};
/* End PBXTargetDependency section */

/* Begin PBXVariantGroup section */
		0B1010A327D92830002EF1A6 /* Main.storyboard */ = {
			isa = PBXVariantGroup;
			children = (
				0B1010A427D92830002EF1A6 /* Base */,
			);
			name = Main.storyboard;
			sourceTree = "<group>";
		};
		0B1010A827D92835002EF1A6 /* LaunchScreen.storyboard */ = {
			isa = PBXVariantGroup;
			children = (
				0B1010A927D92835002EF1A6 /* Base */,
			);
			name = LaunchScreen.storyboard;
			sourceTree = "<group>";
		};
/* End PBXVariantGroup section */

/* Begin XCBuildConfiguration section */
		0B1010C227D92835002EF1A6 /* Debug */ = {
			isa = XCBuildConfiguration;
			buildSettings = {
				ALWAYS_SEARCH_USER_PATHS = NO;
				CLANG_ANALYZER_NONNULL = YES;
				CLANG_ANALYZER_NUMBER_OBJECT_CONVERSION = YES_AGGRESSIVE;
				CLANG_CXX_LANGUAGE_STANDARD = "gnu++17";
				CLANG_CXX_LIBRARY = "libc++";
				CLANG_ENABLE_MODULES = YES;
				CLANG_ENABLE_OBJC_ARC = YES;
				CLANG_ENABLE_OBJC_WEAK = YES;
				CLANG_WARN_BLOCK_CAPTURE_AUTORELEASING = YES;
				CLANG_WARN_BOOL_CONVERSION = YES;
				CLANG_WARN_COMMA = YES;
				CLANG_WARN_CONSTANT_CONVERSION = YES;
				CLANG_WARN_DEPRECATED_OBJC_IMPLEMENTATIONS = YES;
				CLANG_WARN_DIRECT_OBJC_ISA_USAGE = YES_ERROR;
				CLANG_WARN_DOCUMENTATION_COMMENTS = YES;
				CLANG_WARN_EMPTY_BODY = YES;
				CLANG_WARN_ENUM_CONVERSION = YES;
				CLANG_WARN_INFINITE_RECURSION = YES;
				CLANG_WARN_INT_CONVERSION = YES;
				CLANG_WARN_NON_LITERAL_NULL_CONVERSION = YES;
				CLANG_WARN_OBJC_IMPLICIT_RETAIN_SELF = YES;
				CLANG_WARN_OBJC_LITERAL_CONVERSION = YES;
				CLANG_WARN_OBJC_ROOT_CLASS = YES_ERROR;
				CLANG_WARN_QUOTED_INCLUDE_IN_FRAMEWORK_HEADER = YES;
				CLANG_WARN_RANGE_LOOP_ANALYSIS = YES;
				CLANG_WARN_STRICT_PROTOTYPES = YES;
				CLANG_WARN_SUSPICIOUS_MOVE = YES;
				CLANG_WARN_UNGUARDED_AVAILABILITY = YES_AGGRESSIVE;
				CLANG_WARN_UNREACHABLE_CODE = YES;
				CLANG_WARN__DUPLICATE_METHOD_MATCH = YES;
				COPY_PHASE_STRIP = NO;
				DEBUG_INFORMATION_FORMAT = dwarf;
				ENABLE_STRICT_OBJC_MSGSEND = YES;
				ENABLE_TESTABILITY = YES;
				GCC_C_LANGUAGE_STANDARD = gnu11;
				GCC_DYNAMIC_NO_PIC = NO;
				GCC_NO_COMMON_BLOCKS = YES;
				GCC_OPTIMIZATION_LEVEL = 0;
				GCC_PREPROCESSOR_DEFINITIONS = (
					"DEBUG=1",
					"$(inherited)",
				);
				GCC_WARN_64_TO_32_BIT_CONVERSION = YES;
				GCC_WARN_ABOUT_RETURN_TYPE = YES_ERROR;
				GCC_WARN_UNDECLARED_SELECTOR = YES;
				GCC_WARN_UNINITIALIZED_AUTOS = YES_AGGRESSIVE;
				GCC_WARN_UNUSED_FUNCTION = YES;
				GCC_WARN_UNUSED_VARIABLE = YES;
				IPHONEOS_DEPLOYMENT_TARGET = 15.0;
				MTL_ENABLE_DEBUG_INFO = INCLUDE_SOURCE;
				MTL_FAST_MATH = YES;
				ONLY_ACTIVE_ARCH = YES;
				SDKROOT = iphoneos;
				SWIFT_ACTIVE_COMPILATION_CONDITIONS = DEBUG;
				SWIFT_OPTIMIZATION_LEVEL = "-Onone";
			};
			name = Debug;
		};
		0B1010C327D92835002EF1A6 /* Release */ = {
			isa = XCBuildConfiguration;
			buildSettings = {
				ALWAYS_SEARCH_USER_PATHS = NO;
				CLANG_ANALYZER_NONNULL = YES;
				CLANG_ANALYZER_NUMBER_OBJECT_CONVERSION = YES_AGGRESSIVE;
				CLANG_CXX_LANGUAGE_STANDARD = "gnu++17";
				CLANG_CXX_LIBRARY = "libc++";
				CLANG_ENABLE_MODULES = YES;
				CLANG_ENABLE_OBJC_ARC = YES;
				CLANG_ENABLE_OBJC_WEAK = YES;
				CLANG_WARN_BLOCK_CAPTURE_AUTORELEASING = YES;
				CLANG_WARN_BOOL_CONVERSION = YES;
				CLANG_WARN_COMMA = YES;
				CLANG_WARN_CONSTANT_CONVERSION = YES;
				CLANG_WARN_DEPRECATED_OBJC_IMPLEMENTATIONS = YES;
				CLANG_WARN_DIRECT_OBJC_ISA_USAGE = YES_ERROR;
				CLANG_WARN_DOCUMENTATION_COMMENTS = YES;
				CLANG_WARN_EMPTY_BODY = YES;
				CLANG_WARN_ENUM_CONVERSION = YES;
				CLANG_WARN_INFINITE_RECURSION = YES;
				CLANG_WARN_INT_CONVERSION = YES;
				CLANG_WARN_NON_LITERAL_NULL_CONVERSION = YES;
				CLANG_WARN_OBJC_IMPLICIT_RETAIN_SELF = YES;
				CLANG_WARN_OBJC_LITERAL_CONVERSION = YES;
				CLANG_WARN_OBJC_ROOT_CLASS = YES_ERROR;
				CLANG_WARN_QUOTED_INCLUDE_IN_FRAMEWORK_HEADER = YES;
				CLANG_WARN_RANGE_LOOP_ANALYSIS = YES;
				CLANG_WARN_STRICT_PROTOTYPES = YES;
				CLANG_WARN_SUSPICIOUS_MOVE = YES;
				CLANG_WARN_UNGUARDED_AVAILABILITY = YES_AGGRESSIVE;
				CLANG_WARN_UNREACHABLE_CODE = YES;
				CLANG_WARN__DUPLICATE_METHOD_MATCH = YES;
				COPY_PHASE_STRIP = NO;
				DEBUG_INFORMATION_FORMAT = "dwarf-with-dsym";
				ENABLE_NS_ASSERTIONS = NO;
				ENABLE_STRICT_OBJC_MSGSEND = YES;
				GCC_C_LANGUAGE_STANDARD = gnu11;
				GCC_NO_COMMON_BLOCKS = YES;
				GCC_WARN_64_TO_32_BIT_CONVERSION = YES;
				GCC_WARN_ABOUT_RETURN_TYPE = YES_ERROR;
				GCC_WARN_UNDECLARED_SELECTOR = YES;
				GCC_WARN_UNINITIALIZED_AUTOS = YES_AGGRESSIVE;
				GCC_WARN_UNUSED_FUNCTION = YES;
				GCC_WARN_UNUSED_VARIABLE = YES;
				IPHONEOS_DEPLOYMENT_TARGET = 15.0;
				MTL_ENABLE_DEBUG_INFO = NO;
				MTL_FAST_MATH = YES;
				SDKROOT = iphoneos;
				SWIFT_COMPILATION_MODE = wholemodule;
				SWIFT_OPTIMIZATION_LEVEL = "-O";
				VALIDATE_PRODUCT = YES;
			};
			name = Release;
		};
		0B1010C527D92835002EF1A6 /* Debug */ = {
			isa = XCBuildConfiguration;
			buildSettings = {
				ASSETCATALOG_COMPILER_APPICON_NAME = AppIcon;
				ASSETCATALOG_COMPILER_GLOBAL_ACCENT_COLOR_NAME = AccentColor;
				CODE_SIGN_STYLE = Automatic;
				CURRENT_PROJECT_VERSION = 1;
				DEVELOPMENT_TEAM = N32F5RNZ5K;
				GENERATE_INFOPLIST_FILE = YES;
				INFOPLIST_FILE = BottleRocket/Info.plist;
				INFOPLIST_KEY_UIApplicationSupportsIndirectInputEvents = YES;
				INFOPLIST_KEY_UILaunchStoryboardName = LaunchScreen;
				INFOPLIST_KEY_UIMainStoryboardFile = Main;
				INFOPLIST_KEY_UISupportedInterfaceOrientations_iPad = "UIInterfaceOrientationPortrait UIInterfaceOrientationPortraitUpsideDown UIInterfaceOrientationLandscapeLeft UIInterfaceOrientationLandscapeRight";
				INFOPLIST_KEY_UISupportedInterfaceOrientations_iPhone = UIInterfaceOrientationPortrait;
				LD_RUNPATH_SEARCH_PATHS = (
					"$(inherited)",
					"@executable_path/Frameworks",
				);
				MARKETING_VERSION = 1.0;
				PRODUCT_BUNDLE_IDENTIFIER = test.sample.BottleRocket;
				PRODUCT_NAME = "$(TARGET_NAME)";
				SWIFT_EMIT_LOC_STRINGS = YES;
				SWIFT_VERSION = 5.0;
				TARGETED_DEVICE_FAMILY = "1,2";
			};
			name = Debug;
		};
		0B1010C627D92835002EF1A6 /* Release */ = {
			isa = XCBuildConfiguration;
			buildSettings = {
				ASSETCATALOG_COMPILER_APPICON_NAME = AppIcon;
				ASSETCATALOG_COMPILER_GLOBAL_ACCENT_COLOR_NAME = AccentColor;
				CODE_SIGN_STYLE = Automatic;
				CURRENT_PROJECT_VERSION = 1;
				DEVELOPMENT_TEAM = N32F5RNZ5K;
				GENERATE_INFOPLIST_FILE = YES;
				INFOPLIST_FILE = BottleRocket/Info.plist;
				INFOPLIST_KEY_UIApplicationSupportsIndirectInputEvents = YES;
				INFOPLIST_KEY_UILaunchStoryboardName = LaunchScreen;
				INFOPLIST_KEY_UIMainStoryboardFile = Main;
				INFOPLIST_KEY_UISupportedInterfaceOrientations_iPad = "UIInterfaceOrientationPortrait UIInterfaceOrientationPortraitUpsideDown UIInterfaceOrientationLandscapeLeft UIInterfaceOrientationLandscapeRight";
				INFOPLIST_KEY_UISupportedInterfaceOrientations_iPhone = UIInterfaceOrientationPortrait;
				LD_RUNPATH_SEARCH_PATHS = (
					"$(inherited)",
					"@executable_path/Frameworks",
				);
				MARKETING_VERSION = 1.0;
				PRODUCT_BUNDLE_IDENTIFIER = test.sample.BottleRocket;
				PRODUCT_NAME = "$(TARGET_NAME)";
				SWIFT_EMIT_LOC_STRINGS = YES;
				SWIFT_VERSION = 5.0;
				TARGETED_DEVICE_FAMILY = "1,2";
			};
			name = Release;
		};
		0B1010C827D92835002EF1A6 /* Debug */ = {
			isa = XCBuildConfiguration;
			buildSettings = {
				ALWAYS_EMBED_SWIFT_STANDARD_LIBRARIES = YES;
				BUNDLE_LOADER = "$(TEST_HOST)";
				CODE_SIGN_STYLE = Automatic;
				CURRENT_PROJECT_VERSION = 1;
				DEVELOPMENT_TEAM = N32F5RNZ5K;
				GENERATE_INFOPLIST_FILE = YES;
				IPHONEOS_DEPLOYMENT_TARGET = 15.0;
				LD_RUNPATH_SEARCH_PATHS = (
					"$(inherited)",
					"@executable_path/Frameworks",
					"@loader_path/Frameworks",
				);
				MARKETING_VERSION = 1.0;
				PRODUCT_BUNDLE_IDENTIFIER = test.sample.BottleRocketTests;
				PRODUCT_NAME = "$(TARGET_NAME)";
				SWIFT_EMIT_LOC_STRINGS = NO;
				SWIFT_VERSION = 5.0;
				TARGETED_DEVICE_FAMILY = "1,2";
				TEST_HOST = "$(BUILT_PRODUCTS_DIR)/BottleRocket.app/BottleRocket";
			};
			name = Debug;
		};
		0B1010C927D92835002EF1A6 /* Release */ = {
			isa = XCBuildConfiguration;
			buildSettings = {
				ALWAYS_EMBED_SWIFT_STANDARD_LIBRARIES = YES;
				BUNDLE_LOADER = "$(TEST_HOST)";
				CODE_SIGN_STYLE = Automatic;
				CURRENT_PROJECT_VERSION = 1;
				DEVELOPMENT_TEAM = N32F5RNZ5K;
				GENERATE_INFOPLIST_FILE = YES;
				IPHONEOS_DEPLOYMENT_TARGET = 15.0;
				LD_RUNPATH_SEARCH_PATHS = (
					"$(inherited)",
					"@executable_path/Frameworks",
					"@loader_path/Frameworks",
				);
				MARKETING_VERSION = 1.0;
				PRODUCT_BUNDLE_IDENTIFIER = test.sample.BottleRocketTests;
				PRODUCT_NAME = "$(TARGET_NAME)";
				SWIFT_EMIT_LOC_STRINGS = NO;
				SWIFT_VERSION = 5.0;
				TARGETED_DEVICE_FAMILY = "1,2";
				TEST_HOST = "$(BUILT_PRODUCTS_DIR)/BottleRocket.app/BottleRocket";
			};
			name = Release;
		};
		0B1010CB27D92835002EF1A6 /* Debug */ = {
			isa = XCBuildConfiguration;
			buildSettings = {
				ALWAYS_EMBED_SWIFT_STANDARD_LIBRARIES = YES;
				CODE_SIGN_STYLE = Automatic;
				CURRENT_PROJECT_VERSION = 1;
				DEVELOPMENT_TEAM = N32F5RNZ5K;
				GENERATE_INFOPLIST_FILE = YES;
				LD_RUNPATH_SEARCH_PATHS = (
					"$(inherited)",
					"@executable_path/Frameworks",
					"@loader_path/Frameworks",
				);
				MARKETING_VERSION = 1.0;
				PRODUCT_BUNDLE_IDENTIFIER = test.sample.BottleRocketUITests;
				PRODUCT_NAME = "$(TARGET_NAME)";
				SWIFT_EMIT_LOC_STRINGS = NO;
				SWIFT_VERSION = 5.0;
				TARGETED_DEVICE_FAMILY = "1,2";
				TEST_TARGET_NAME = BottleRocket;
			};
			name = Debug;
		};
		0B1010CC27D92835002EF1A6 /* Release */ = {
			isa = XCBuildConfiguration;
			buildSettings = {
				ALWAYS_EMBED_SWIFT_STANDARD_LIBRARIES = YES;
				CODE_SIGN_STYLE = Automatic;
				CURRENT_PROJECT_VERSION = 1;
				DEVELOPMENT_TEAM = N32F5RNZ5K;
				GENERATE_INFOPLIST_FILE = YES;
				LD_RUNPATH_SEARCH_PATHS = (
					"$(inherited)",
					"@executable_path/Frameworks",
					"@loader_path/Frameworks",
				);
				MARKETING_VERSION = 1.0;
				PRODUCT_BUNDLE_IDENTIFIER = test.sample.BottleRocketUITests;
				PRODUCT_NAME = "$(TARGET_NAME)";
				SWIFT_EMIT_LOC_STRINGS = NO;
				SWIFT_VERSION = 5.0;
				TARGETED_DEVICE_FAMILY = "1,2";
				TEST_TARGET_NAME = BottleRocket;
			};
			name = Release;
		};
/* End XCBuildConfiguration section */

/* Begin XCConfigurationList section */
		0B10109527D92830002EF1A6 /* Build configuration list for PBXProject "BottleRocket" */ = {
			isa = XCConfigurationList;
			buildConfigurations = (
				0B1010C227D92835002EF1A6 /* Debug */,
				0B1010C327D92835002EF1A6 /* Release */,
			);
			defaultConfigurationIsVisible = 0;
			defaultConfigurationName = Release;
		};
		0B1010C427D92835002EF1A6 /* Build configuration list for PBXNativeTarget "BottleRocket" */ = {
			isa = XCConfigurationList;
			buildConfigurations = (
				0B1010C527D92835002EF1A6 /* Debug */,
				0B1010C627D92835002EF1A6 /* Release */,
			);
			defaultConfigurationIsVisible = 0;
			defaultConfigurationName = Release;
		};
		0B1010C727D92835002EF1A6 /* Build configuration list for PBXNativeTarget "BottleRocketTests" */ = {
			isa = XCConfigurationList;
			buildConfigurations = (
				0B1010C827D92835002EF1A6 /* Debug */,
				0B1010C927D92835002EF1A6 /* Release */,
			);
			defaultConfigurationIsVisible = 0;
			defaultConfigurationName = Release;
		};
		0B1010CA27D92835002EF1A6 /* Build configuration list for PBXNativeTarget "BottleRocketUITests" */ = {
			isa = XCConfigurationList;
			buildConfigurations = (
				0B1010CB27D92835002EF1A6 /* Debug */,
				0B1010CC27D92835002EF1A6 /* Release */,
			);
			defaultConfigurationIsVisible = 0;
			defaultConfigurationName = Release;
		};
/* End XCConfigurationList section */
	};
	rootObject = 0B10109227D92830002EF1A6 /* Project object */;
}
